{
  "nodes": {
    "blobxferpkgs": {
      "locked": {
        "lastModified": 1595996365,
        "narHash": "sha256-sV8N2dttoQRtEyUfjDD1+9w3Jv+Dc3CQ2Twps71EElE=",
        "owner": "nixos",
        "repo": "nixpkgs",
        "rev": "d3ff247475f50829a87bf248261ad5462cf07936",
        "type": "github"
      },
      "original": {
        "owner": "nixos",
        "repo": "nixpkgs",
        "rev": "d3ff247475f50829a87bf248261ad5462cf07936",
        "type": "github"
      }
    },
    "cachix": {
      "locked": {
        "lastModified": 1621718065,
        "narHash": "sha256-2xw+iyUzV3blVq0EQjL2Qhzpp3r9uCLzYQns4nW7m7Y=",
        "owner": "nixos",
        "repo": "nixpkgs",
        "rev": "ac60476ed94fd5424d9f3410c438825f793a8cbb",
        "type": "github"
      },
      "original": {
        "owner": "nixos",
        "ref": "nixos-20.09",
        "repo": "nixpkgs",
        "type": "github"
      }
    },
    "cachix_2": {
      "locked": {
        "lastModified": 1621718065,
        "narHash": "sha256-2xw+iyUzV3blVq0EQjL2Qhzpp3r9uCLzYQns4nW7m7Y=",
        "owner": "nixos",
        "repo": "nixpkgs",
        "rev": "ac60476ed94fd5424d9f3410c438825f793a8cbb",
        "type": "github"
      },
      "original": {
        "owner": "nixos",
        "ref": "nixos-20.09",
        "repo": "nixpkgs",
        "type": "github"
      }
    },
    "cachixpkgs": {
      "locked": {
        "lastModified": 1594531366,
        "narHash": "sha256-KThxLAw8u4jwF2mqBgkAxm7dxwpODAKZ3XFPg956+hY=",
        "owner": "nixos",
        "repo": "nixpkgs",
        "rev": "674ab2dffa58dab8b6a97a26a0156133dbd90378",
        "type": "github"
      },
      "original": {
        "owner": "nixos",
        "ref": "nixos-20.03",
        "repo": "nixpkgs",
        "type": "github"
      }
    },
    "chromium": {
      "inputs": {
        "cachixpkgs": "cachixpkgs",
        "nixpkgs": [
          "nixpkgs"
        ]
      },
      "locked": {
        "lastModified": 1596912186,
        "narHash": "sha256-jy3xjrlaRpyzV+4iiotFQpBa7YDCE9yfF6jqoZVapxU=",
        "owner": "colemickens",
        "repo": "flake-chromium",
        "rev": "be444d2a2672f37f2a4eec98eb9533de807e1957",
        "type": "github"
      },
      "original": {
        "owner": "colemickens",
        "repo": "flake-chromium",
        "type": "github"
      }
    },
    "cmpkgs": {
      "locked": {
        "lastModified": 1618365883,
        "narHash": "sha256-X8Ids5ljm725M8TlmVwuG4px4EInkLNuOeYcoj9bCN0=",
        "owner": "colemickens",
        "repo": "nixpkgs",
        "rev": "00e798ad6a2e5efe7fe1b89f75f01ef3d667c435",
        "type": "github"
      },
      "original": {
        "owner": "colemickens",
        "ref": "cmpkgs",
        "repo": "nixpkgs",
        "type": "github"
      }
    },
    "construct": {
      "inputs": {
        "nixpkgs": [
          "nixpkgs"
        ]
      },
      "locked": {
        "lastModified": 1613071881,
        "narHash": "sha256-Oebq2SP8K3vwYuYy0i6zGI51SOl5lgrGr/r6cKa4508=",
        "owner": "matrix-construct",
        "repo": "construct",
        "rev": "daee7001fba34961a8e24579b1e12068435482cc",
        "type": "github"
      },
      "original": {
        "owner": "matrix-construct",
        "repo": "construct",
        "type": "github"
      }
    },
    "crosspkgs": {
      "locked": {
        "lastModified": 1611901266,
        "narHash": "sha256-6SBHJciiz8CspoVaroF7D+1XMtUOquDq4IePnSbpUG0=",
        "owner": "colemickens",
        "repo": "nixpkgs",
        "rev": "c2c140c47f5272b27b8b07782a654119107b3c41",
        "type": "github"
      },
      "original": {
        "owner": "colemickens",
        "ref": "crosspkgs",
        "repo": "nixpkgs",
        "type": "github"
      }
    },
    "deploy-rs": {
      "inputs": {
        "flake-compat": "flake-compat",
        "naersk": "naersk",
        "nixpkgs": [
          "nixpkgs"
        ],
        "utils": "utils"
      },
      "locked": {
        "lastModified": 1608062401,
        "narHash": "sha256-HPQhZd7nYjozUTlkfcENpGp+xv0gxi7QpH+PvLZQZq4=",
        "owner": "colemickens",
        "repo": "deploy-rs",
        "rev": "7d4020f1300f076341627785c53dd151fc7d1a61",
        "type": "github"
      },
      "original": {
        "owner": "colemickens",
        "repo": "deploy-rs",
        "type": "github"
      }
    },
    "envfs": {
      "inputs": {
        "nixpkgs": [
          "nixpkgs"
        ],
        "utils": "utils_2"
      },
      "locked": {
        "lastModified": 1619257745,
        "narHash": "sha256-WXIq4LPhppSfRvnUiuTUD43pCK9mlzBSHB0Xxsh03kU=",
        "owner": "Mic92",
        "repo": "envfs",
        "rev": "42bed8a2959aea39ced7b117614f7d5e5126db51",
        "type": "github"
      },
      "original": {
        "owner": "Mic92",
        "repo": "envfs",
        "type": "github"
      }
    },
    "fenix": {
      "inputs": {
        "naersk": "naersk_2",
        "nixpkgs": [
          "nixpkgs"
        ],
        "rust-analyzer-src": "rust-analyzer-src"
      },
      "locked": {
        "lastModified": 1621911636,
        "narHash": "sha256-tnrvke5lu5ArUaeRk0V4TlcPFvSc6B/jM9puLX77s78=",
        "owner": "figsoda",
        "repo": "fenix",
        "rev": "5b85f120ba28d8a1f8350a76ea2d6aa310938be3",
        "type": "github"
      },
      "original": {
        "owner": "figsoda",
        "repo": "fenix",
        "type": "github"
      }
    },
    "firefox": {
      "inputs": {
        "cachix": "cachix",
        "mozilla": "mozilla",
        "nixpkgs": [
          "nixpkgs"
        ]
      },
      "locked": {
        "lastModified": 1621906864,
        "narHash": "sha256-4ib6juyF5gurp/8usMhq1knqpwcL1RKB23WAii95VPA=",
        "owner": "colemickens",
        "repo": "flake-firefox-nightly",
        "rev": "4725169da6e912bac9b0f82f482ea9b088faee8d",
        "type": "github"
      },
      "original": {
        "owner": "colemickens",
        "repo": "flake-firefox-nightly",
        "type": "github"
      }
    },
    "flake-compat": {
      "flake": false,
      "locked": {
        "lastModified": 1600853454,
        "narHash": "sha256-EgsgbcJNZ9AQLVhjhfiegGjLbO+StBY9hfKsCwc8Hw8=",
        "owner": "edolstra",
        "repo": "flake-compat",
        "rev": "94cf59784c73ecec461eaa291918eff0bfb538ac",
        "type": "github"
      },
      "original": {
        "owner": "edolstra",
        "repo": "flake-compat",
        "type": "github"
      }
    },
    "flake-compat_2": {
      "flake": false,
      "locked": {
        "lastModified": 1606424373,
        "narHash": "sha256-oq8d4//CJOrVj+EcOaSXvMebvuTkmBJuT5tzlfewUnQ=",
        "owner": "edolstra",
        "repo": "flake-compat",
        "rev": "99f1c2157fba4bfe6211a321fd0ee43199025dbf",
        "type": "github"
      },
      "original": {
        "owner": "edolstra",
        "repo": "flake-compat",
        "type": "github"
      }
    },
    "flake-utils": {
      "locked": {
        "lastModified": 1610051610,
        "narHash": "sha256-U9rPz/usA1/Aohhk7Cmc2gBrEEKRzcW4nwPWMPwja4Y=",
        "owner": "numtide",
        "repo": "flake-utils",
        "rev": "3982c9903e93927c2164caa727cd3f6a0e6d14cc",
        "type": "github"
      },
      "original": {
        "owner": "numtide",
        "repo": "flake-utils",
        "type": "github"
      }
    },
    "flake-utils_2": {
      "locked": {
        "lastModified": 1597053966,
        "narHash": "sha256-f9lbPS/GJ1His8fsDqM6gfa8kSqREU4eKiMCS5hrKg4=",
        "owner": "numtide",
        "repo": "flake-utils",
        "rev": "ec20f52e2ff61e9c36c2b894b62fc1b4bd04c71b",
        "type": "github"
      },
      "original": {
        "owner": "numtide",
        "repo": "flake-utils",
        "type": "github"
      }
    },
    "hardware": {
      "locked": {
        "lastModified": 1620983891,
        "narHash": "sha256-E2OKVgGo/cUqDsrIeYGVx64b4cxgzd7+bX33NHL0rbA=",
        "owner": "nixos",
        "repo": "nixos-hardware",
        "rev": "c4399b921fa7ff5f93ee10b3521b56b722ed74d8",
        "type": "github"
      },
      "original": {
        "owner": "nixos",
        "repo": "nixos-hardware",
        "type": "github"
      }
    },
    "home-manager": {
      "inputs": {
        "nixpkgs": [
          "nixpkgs"
        ]
      },
      "locked": {
        "lastModified": 1620169714,
        "narHash": "sha256-dz+vYUAQ0hixL8m4+9v57vv6pA7JayptDADF2AVP6D4=",
        "owner": "colemickens",
        "repo": "home-manager",
        "rev": "2389b752bb938f9ecfb30cac93c17bbf622fe337",
        "type": "github"
      },
      "original": {
        "owner": "colemickens",
        "ref": "cmhm",
        "repo": "home-manager",
        "type": "github"
      }
    },
    "hydra": {
      "inputs": {
        "nix": "nix",
        "nixpkgs": [
          "hydra",
          "nix",
          "nixpkgs"
        ]
      },
      "locked": {
        "lastModified": 1621898460,
        "narHash": "sha256-8H8i5TBmI1dFPyQd7ZczDSaJns5k7/iJSdi+Is8jvBY=",
        "owner": "NixOS",
        "repo": "hydra",
        "rev": "5b6b8261fc0571c4ee678cbe829ba07ed9372ef0",
        "type": "github"
      },
      "original": {
        "owner": "NixOS",
        "repo": "hydra",
        "type": "github"
      }
    },
    "import-cargo": {
      "locked": {
        "lastModified": 1594305518,
        "narHash": "sha256-frtArgN42rSaEcEOYWg8sVPMUK+Zgch3c+wejcpX3DY=",
        "owner": "edolstra",
        "repo": "import-cargo",
        "rev": "25d40be4a73d40a2572e0cc233b83253554f06c5",
        "type": "github"
      },
      "original": {
        "owner": "edolstra",
        "repo": "import-cargo",
        "type": "github"
      }
    },
    "lowdown-src": {
      "flake": false,
      "locked": {
        "lastModified": 1598695561,
        "narHash": "sha256-gyH/5j+h/nWw0W8AcR2WKvNBUsiQ7QuxqSJNXAwV+8E=",
        "owner": "kristapsdz",
        "repo": "lowdown",
        "rev": "1705b4a26fbf065d9574dce47a94e8c7c79e052f",
        "type": "github"
      },
      "original": {
        "owner": "kristapsdz",
        "repo": "lowdown",
        "type": "github"
      }
    },
    "mobile-nixos": {
      "flake": false,
      "locked": {
        "lastModified": 1621628276,
        "narHash": "sha256-l8fUI00hEPoFFSEPgd43YbmPSeSEO3UgAwKTVA+lfec=",
        "owner": "nixos",
        "repo": "mobile-nixos",
        "rev": "4c01b05bc964cc61e20e668c2e14779a5f94b5f3",
        "type": "github"
      },
      "original": {
        "owner": "nixos",
        "ref": "master",
        "repo": "mobile-nixos",
        "type": "github"
      }
    },
    "mozilla": {
      "flake": false,
      "locked": {
        "lastModified": 1603906276,
        "narHash": "sha256-RsNPnEKd7BcogwkqhaV5kI/HuNC4flH/OQCC/4W5y/8=",
        "owner": "mozilla",
        "repo": "nixpkgs-mozilla",
        "rev": "8c007b60731c07dd7a052cce508de3bb1ae849b4",
        "type": "github"
      },
      "original": {
        "owner": "mozilla",
        "repo": "nixpkgs-mozilla",
        "type": "github"
      }
    },
    "naersk": {
      "inputs": {
        "nixpkgs": [
          "nixpkgs"
        ]
      },
      "locked": {
        "lastModified": 1602173141,
        "narHash": "sha256-m6wU6lP0wf2OMw3KtJqn27ITtg29+ftciGHicLiVSGE=",
        "owner": "nmattia",
        "repo": "naersk",
        "rev": "22b96210b2433228d42bce460f3befbdcfde7520",
        "type": "github"
      },
      "original": {
        "owner": "nmattia",
        "ref": "master",
        "repo": "naersk",
        "type": "github"
      }
    },
    "naersk_2": {
      "inputs": {
        "nixpkgs": [
          "nixpkgs"
        ]
      },
      "locked": {
        "lastModified": 1620316130,
        "narHash": "sha256-sU0VS5oJS1FsHsZsLELAXc7G2eIelVuucRw+q5B1x9k=",
        "owner": "nmattia",
        "repo": "naersk",
        "rev": "a3f40fe42cc6d267ff7518fa3199e99ff1444ac4",
        "type": "github"
      },
      "original": {
        "owner": "nmattia",
        "repo": "naersk",
        "type": "github"
      }
    },
    "neovim-flake": {
      "inputs": {
        "flake-utils": "flake-utils",
        "nixpkgs": [
          "nixpkgs"
        ]
      },
      "locked": {
        "dir": "contrib",
        "lastModified": 1621804538,
        "narHash": "sha256-nQh143ZcRKu3sEC8M/Ei6825Kr0Q4nQcjNw4QRKkgi0=",
        "owner": "neovim",
        "repo": "neovim",
        "rev": "0a653f7ab98dfc05bf0532b9f81bc19377031900",
        "type": "github"
      },
      "original": {
        "dir": "contrib",
        "owner": "neovim",
        "repo": "neovim",
        "type": "github"
      }
    },
    "neovim-nightly": {
      "inputs": {
        "flake-compat": "flake-compat_2",
        "neovim-flake": "neovim-flake",
        "nixpkgs": [
          "nixpkgs"
        ]
      },
      "locked": {
        "lastModified": 1621844069,
        "narHash": "sha256-6jLY3Zlz6c5AEDZ4XzeymB6wz+ixsMITAuHryx7ftg8=",
        "owner": "nix-community",
        "repo": "neovim-nightly-overlay",
        "rev": "ec583ae1cb5e2431846fa9a7c247f145591b6a70",
        "type": "github"
      },
      "original": {
        "owner": "nix-community",
        "repo": "neovim-nightly-overlay",
        "type": "github"
      }
    },
    "niche": {
      "inputs": {
        "nixpkgs": [
          "nixpkgs"
        ]
      },
      "locked": {
        "lastModified": 1608000733,
        "narHash": "sha256-I3ncA8uPKfy+msSUWw9/OBdJKzbM77gqHEUAqeBWFXY=",
        "owner": "colemickens",
        "repo": "niche",
        "rev": "001af8ffb477f4a2d15badd023584d101bef05c9",
        "type": "github"
      },
      "original": {
        "owner": "colemickens",
        "ref": "master",
        "repo": "niche",
        "type": "github"
      }
    },
    "nickel": {
      "inputs": {
        "import-cargo": "import-cargo",
        "nixpkgs": "nixpkgs_2",
        "nixpkgs-mozilla": "nixpkgs-mozilla"
      },
      "locked": {
        "lastModified": 1621278479,
        "narHash": "sha256-VMvpI4nMDADMTJh1JW6IzBGJdghx6RmUGnB7iiRzAnY=",
        "owner": "tweag",
        "repo": "nickel",
        "rev": "bf7d0475d7fbf5ec24898597873baaaee61c2705",
        "type": "github"
      },
      "original": {
        "owner": "tweag",
        "repo": "nickel",
        "type": "github"
      }
    },
    "nix": {
      "inputs": {
        "nixpkgs": "nixpkgs"
      },
      "locked": {
        "lastModified": 1619080380,
        "narHash": "sha256-DKXtLoiSMuNaq5km6FAWqJOpilSCFJQ0or8btfWH6mo=",
        "owner": "NixOS",
        "repo": "nix",
        "rev": "d9864be4b757468d33bc49edddce5e4f04ef4b90",
        "type": "github"
      },
      "original": {
        "id": "nix",
        "type": "indirect"
      }
    },
    "nix-bitcoin": {
      "flake": false,
      "locked": {
        "lastModified": 1616428486,
        "narHash": "sha256-HO0L57NuF8t2b2WNnif9QYvvNUXnbUtSyWtpLPj/3BY=",
        "owner": "erikarvstedt",
        "repo": "nix-bitcoin",
        "rev": "67a592bd7283f4ff65b378271fa68ff943cd0e25",
        "type": "github"
      },
      "original": {
        "owner": "erikarvstedt",
        "ref": "nixos-unstable",
        "repo": "nix-bitcoin",
        "type": "github"
      }
    },
    "nix-ipfs": {
      "inputs": {
        "lowdown-src": "lowdown-src",
        "nixpkgs": "nixpkgs_4"
      },
      "locked": {
        "lastModified": 1602773364,
        "narHash": "sha256-1Nu2n/+owP3Sm/8CI3TIJSdn6ylG9UFkPLOaH3Hl7oU=",
        "owner": "obsidiansystems",
        "repo": "nix",
        "rev": "62271e6dca4b559dae2b47daa5dba9741ed262d2",
        "type": "github"
      },
      "original": {
        "owner": "obsidiansystems",
        "repo": "nix",
        "type": "github"
      }
    },
    "nixos-azure": {
      "inputs": {
        "blobxferpkgs": "blobxferpkgs",
        "cmpkgs": "cmpkgs",
        "nixpkgs": [
          "nixpkgs"
        ]
      },
      "locked": {
        "lastModified": 1619413619,
        "narHash": "sha256-HSBeU6QGvrH+/jYON0x6931gfslPg9VoSgI0OW5zrdk=",
        "owner": "colemickens",
        "repo": "nixos-azure",
        "rev": "09294eb45024dfaa889de93671a3b56e1c689a33",
        "type": "github"
      },
      "original": {
        "owner": "colemickens",
        "ref": "dev",
        "repo": "nixos-azure",
        "type": "github"
      }
    },
    "nixos-mailserver": {
      "inputs": {
        "nixpkgs": [
          "nixpkgs"
        ],
        "utils": "utils_3"
      },
      "locked": {
        "lastModified": 1621793738,
        "narHash": "sha256-Bl4KGFjOQ1nVtnQfvw6e6/YZf/BLGX+9fR+oN+Yr6Qs=",
        "owner": "simple-nixos-mailserver",
        "repo": "nixos-mailserver",
        "rev": "37376efbbf44ac5accaef84ccbbebbdfdc02e95d",
        "type": "gitlab"
      },
      "original": {
        "owner": "simple-nixos-mailserver",
        "repo": "nixos-mailserver",
        "type": "gitlab"
      }
    },
    "nixos-unstable": {
      "locked": {
        "lastModified": 1621728353,
        "narHash": "sha256-cgRKslcI/lG5wnxgt1z6OGm+JnzmBqyR8m/JzpUNpYQ=",
        "owner": "nixos",
        "repo": "nixpkgs",
        "rev": "900115a4f7fdd9189e7803ca781a65be663f2c89",
        "type": "github"
      },
      "original": {
        "owner": "nixos",
        "ref": "nixos-unstable",
        "repo": "nixpkgs",
        "type": "github"
      }
    },
    "nixpkgs": {
      "locked": {
        "lastModified": 1614309161,
        "narHash": "sha256-93kRxDPyEW9QIpxU71kCaV1r+hgOgP6/aVgC7vvO8IU=",
        "owner": "NixOS",
        "repo": "nixpkgs",
        "rev": "0e499fde7af3c28d63e9b13636716b86c3162b93",
        "type": "github"
      },
      "original": {
        "id": "nixpkgs",
        "ref": "nixos-20.09-small",
        "type": "indirect"
      }
    },
    "nixpkgs-kubernetes": {
      "inputs": {
        "nixpkgs": [
          "nixpkgs"
        ]
      },
      "locked": {
        "lastModified": 1621563803,
        "narHash": "sha256-z/YuRI1A0Bv1os1+DvNuqIGeLam8FQlBM5nMqudFbIc=",
        "owner": "colemickens",
        "repo": "nixpkgs-kubernetes",
        "rev": "e2311121d94373a7bf02fa19fd851ca2d60cde2a",
        "type": "github"
      },
      "original": {
        "owner": "colemickens",
        "ref": "main",
        "repo": "nixpkgs-kubernetes",
        "type": "github"
      }
    },
    "nixpkgs-mozilla": {
      "inputs": {
        "nixpkgs": "nixpkgs_3"
      },
      "locked": {
        "lastModified": 1610699763,
        "narHash": "sha256-Sf0A1KeMo461OEHQtoE8U7xLVBiLmwGwSZJiJDkq+38=",
        "owner": "garbas",
        "repo": "nixpkgs-mozilla",
        "rev": "8305afa70d8b4ba45dae5b51e3b11122a44323cd",
        "type": "github"
      },
      "original": {
        "owner": "garbas",
        "ref": "flake",
        "repo": "nixpkgs-mozilla",
        "type": "github"
      }
    },
    "nixpkgs-wayland": {
      "inputs": {
        "cachix": "cachix_2",
        "nixpkgs": [
          "nixpkgs"
        ]
      },
      "locked": {
        "lastModified": 1621850299,
        "narHash": "sha256-WPlEM/qO+7fciO7Fyy7vHk2pukdYP3pehO09lZGAxns=",
        "owner": "colemickens",
        "repo": "nixpkgs-wayland",
        "rev": "8f5a46d7e1b2392f26a6f9a9739edd6f358a9e1c",
        "type": "github"
      },
      "original": {
        "owner": "colemickens",
        "repo": "nixpkgs-wayland",
        "type": "github"
      }
    },
    "nixpkgs_2": {
      "locked": {
        "lastModified": 1611219034,
        "narHash": "sha256-bgp8G3LcpvKs22/z5Cj4XQkmZq05Aa0vaP1bKl7X0zM=",
        "owner": "NixOS",
        "repo": "nixpkgs",
        "rev": "f217c0ea7c148ddc0103347051555c7c252dcafb",
        "type": "github"
      },
      "original": {
        "id": "nixpkgs",
        "ref": "nixos-unstable",
        "type": "indirect"
      }
    },
    "nixpkgs_3": {
      "locked": {
        "lastModified": 1610219734,
        "narHash": "sha256-hCsGe2nDz+SX4uO+lj0qPVcSGZdt52R9Yk5MOYs4djw=",
        "owner": "NixOS",
        "repo": "nixpkgs",
        "rev": "257cbbcd3ab7bd96f5d24d50adc807de7c82e06d",
        "type": "github"
      },
      "original": {
        "id": "nixpkgs",
        "ref": "nixos-unstable",
        "type": "indirect"
      }
    },
    "nixpkgs_4": {
      "locked": {
        "lastModified": 1591633336,
        "narHash": "sha256-oVXv4xAnDJB03LvZGbC72vSVlIbbJr8tpjEW5o/Fdek=",
        "owner": "NixOS",
        "repo": "nixpkgs",
        "rev": "70717a337f7ae4e486ba71a500367cad697e5f09",
        "type": "github"
      },
      "original": {
        "id": "nixpkgs",
        "ref": "nixos-20.03-small",
        "type": "indirect"
      }
    },
    "nixpkgs_5": {
      "locked": {
        "lastModified": 1621740696,
        "narHash": "sha256-16YEI7CDAaTG8D1cSjndfofdtkXaSeYzqGUHg1gW9So=",
        "owner": "colemickens",
        "repo": "nixpkgs",
        "rev": "b0ea5ddd41f80f91028600bb2851f226de81f914",
        "type": "github"
      },
      "original": {
        "owner": "colemickens",
        "ref": "cmpkgs",
        "repo": "nixpkgs",
        "type": "github"
      }
    },
    "root": {
      "inputs": {
        "chromium": "chromium",
        "construct": "construct",
        "crosspkgs": "crosspkgs",
        "deploy-rs": "deploy-rs",
        "envfs": "envfs",
        "fenix": "fenix",
        "firefox": "firefox",
        "hardware": "hardware",
        "home-manager": "home-manager",
        "hydra": "hydra",
        "mobile-nixos": "mobile-nixos",
        "neovim-nightly": "neovim-nightly",
        "niche": "niche",
        "nickel": "nickel",
        "nix-bitcoin": "nix-bitcoin",
        "nix-ipfs": "nix-ipfs",
        "nixos-azure": "nixos-azure",
        "nixos-mailserver": "nixos-mailserver",
        "nixos-unstable": "nixos-unstable",
        "nixpkgs": "nixpkgs_5",
        "nixpkgs-kubernetes": "nixpkgs-kubernetes",
        "nixpkgs-wayland": "nixpkgs-wayland",
        "sops-nix": "sops-nix",
        "stable": "stable",
        "wfvm": "wfvm",
        "wip-pinebook-pro": "wip-pinebook-pro"
      }
    },
    "rust-analyzer-src": {
      "flake": false,
      "locked": {
        "lastModified": 1621897123,
        "narHash": "sha256-6/cGDlEGYkj7qoCFWsS0WyUHpvB2ygfdsc/Bbx93BHc=",
        "owner": "rust-analyzer",
        "repo": "rust-analyzer",
        "rev": "6d473c0a8f6acecbae680b69528b3f88a31dc5fc",
        "type": "github"
      },
      "original": {
        "owner": "rust-analyzer",
        "ref": "nightly",
        "repo": "rust-analyzer",
        "type": "github"
      }
    },
    "sops-nix": {
      "inputs": {
        "nixpkgs": [
          "nixpkgs"
        ]
      },
      "locked": {
        "lastModified": 1618840526,
        "narHash": "sha256-3VAac44xE+kO8o7BQXLqHrAMUQT+XqIK8BcLkEEDwOA=",
        "owner": "Mic92",
        "repo": "sops-nix",
        "rev": "4f384662a85804fa2bc1bc1f99e70bb468e76f88",
        "type": "github"
      },
      "original": {
        "owner": "Mic92",
        "ref": "master",
        "repo": "sops-nix",
        "type": "github"
      }
    },
    "stable": {
      "locked": {
        "lastModified": 1621718065,
        "narHash": "sha256-2xw+iyUzV3blVq0EQjL2Qhzpp3r9uCLzYQns4nW7m7Y=",
        "owner": "nixos",
        "repo": "nixpkgs",
        "rev": "ac60476ed94fd5424d9f3410c438825f793a8cbb",
        "type": "github"
      },
      "original": {
        "owner": "nixos",
        "ref": "nixos-20.09",
        "repo": "nixpkgs",
        "type": "github"
      }
    },
    "utils": {
      "locked": {
        "lastModified": 1601282935,
        "narHash": "sha256-WQAFV6sGGQxrRs3a+/Yj9xUYvhTpukQJIcMbIi7LCJ4=",
        "owner": "numtide",
        "repo": "flake-utils",
        "rev": "588973065fce51f4763287f0fda87a174d78bf48",
        "type": "github"
      },
      "original": {
        "owner": "numtide",
        "repo": "flake-utils",
        "type": "github"
      }
    },
    "utils_2": {
      "locked": {
        "lastModified": 1610051610,
        "narHash": "sha256-U9rPz/usA1/Aohhk7Cmc2gBrEEKRzcW4nwPWMPwja4Y=",
        "owner": "numtide",
        "repo": "flake-utils",
        "rev": "3982c9903e93927c2164caa727cd3f6a0e6d14cc",
        "type": "github"
      },
      "original": {
        "owner": "numtide",
        "repo": "flake-utils",
        "type": "github"
      }
    },
    "utils_3": {
      "locked": {
        "lastModified": 1605370193,
        "narHash": "sha256-YyMTf3URDL/otKdKgtoMChu4vfVL3vCMkRqpGifhUn0=",
        "owner": "numtide",
        "repo": "flake-utils",
        "rev": "5021eac20303a61fafe17224c087f5519baed54d",
        "type": "github"
      },
      "original": {
        "owner": "numtide",
        "repo": "flake-utils",
        "type": "github"
      }
    },
    "wfvm": {
      "flake": false,
      "locked": {
        "lastModified": 1618106627,
        "narHash": "sha256-VRO3R4CaLxvqSD/ktSFQPKxEYCoaQOLS5Yoi1yqgBp4=",
        "ref": "master",
        "rev": "ec54c9bf9b55403c859f10cdeee9370f8d64e69e",
        "revCount": 23,
        "type": "git",
        "url": "https://git.m-labs.hk/M-Labs/wfvm"
      },
      "original": {
        "type": "git",
        "url": "https://git.m-labs.hk/M-Labs/wfvm"
      }
    },
    "wip-pinebook-pro": {
      "inputs": {
        "flake-utils": "flake-utils_2",
        "nixpkgs": [
          "nixpkgs"
        ]
      },
      "locked": {
        "lastModified": 1612067773,
        "narHash": "sha256-3vC16pGhwsDO8h69uBzu21xvNMZcN6ttNOaF61yS/E0=",
        "owner": "colemickens",
        "repo": "wip-pinebook-pro",
        "rev": "60208678b044ac507a8aef4bff08d10fa5c9d2bc",
        "type": "github"
      },
      "original": {
        "owner": "colemickens",
        "repo": "wip-pinebook-pro",
        "type": "github"
      }
    }
  },
  "root": "root",
  "version": 7
}
