{
  "nodes": {
    "cmpkgs": {
      "info": {
        "lastModified": 1591947163,
        "narHash": "sha256-54GTvIvDKg2DZh5XeC48nNWKYc1u+KSp7K9k2tE3aoY="
      },
      "locked": {
        "owner": "colemickens",
        "repo": "nixpkgs",
        "rev": "a790fdddc932186c9af7b134185d6ed86f625e2b",
        "type": "github"
      },
      "original": {
        "owner": "colemickens",
        "ref": "cmpkgs",
        "repo": "nixpkgs",
        "type": "github"
      }
    },
    "root": {
      "inputs": {
        "cmpkgs": "cmpkgs"
      }
    }
  },
  "root": "root",
  "version": 5
}
